// !$*UTF8*$!
{
	archiveVersion = 1;
	classes = {
	};
	objectVersion = 70;
	objects = {

/* Begin PBXBuildFile section */
		1F49253E25E96E56CF6E97A8 /* Foundation.framework in Frameworks */ = {isa = PBXBuildFile; fileRef = 5F3B162C6DAB94E5C9CB5D2D /* Foundation.framework */; };
		5CC7B488EBD80946899A64C0 /* Foundation.framework in Frameworks */ = {isa = PBXBuildFile; fileRef = 5F3B162C6DAB94E5C9CB5D2D /* Foundation.framework */; };
		A9E9AAA132E713B0799323FF /* HaishinKit in Frameworks */ = {isa = PBXBuildFile; productRef = 6DA0216FE218D406A8E8CFD9 /* HaishinKit */; };
		ADBDEB9F2B3F1EACEC763442 /* ModelDecodingTests.swift in Sources */ = {isa = PBXBuildFile; fileRef = D163954A600F779226FDCDA2 /* ModelDecodingTests.swift */; };
		99900E55D19AED44A6097A04 /* SundayLetterTests.swift in Sources */ = {isa = PBXBuildFile; fileRef = 5F88539430BED8B14C0153AF /* SundayLetterTests.swift */; };
		2DB55733AFA86B039404A7B0 /* LiturgyVoiceTests.swift in Sources */ = {isa = PBXBuildFile; fileRef = 1C176E1DEBFD153BEF2A0E56 /* LiturgyVoiceTests.swift */; };
		68898C13C713F999F0BF9C5B /* LiturgyRecorderLogicTests.swift in Sources */ = {isa = PBXBuildFile; fileRef = 1A84FD50DB9FFE34C1B7CB9B /* LiturgyRecorderLogicTests.swift */; };
		1AE1C1F0A5A94B3097D6C201 /* LiveInteractionsDecodingTests.swift in Sources */ = {isa = PBXBuildFile; fileRef = 1AE1C1F0A5A94B3097D6C202 /* LiveInteractionsDecodingTests.swift */; };
		2155FB891D4D49C395110CB5 /* GuestAudioPlayoutDeviceTests.swift in Sources */ = {isa = PBXBuildFile; fileRef = DA09934BFFA64A5ABC4A8195 /* GuestAudioPlayoutDeviceTests.swift */; };
		D44F50FF1A7741D69BBA9768 /* WhipBasicAuthTests.swift in Sources */ = {isa = PBXBuildFile; fileRef = 2B78F37184A54D1E87236580 /* WhipBasicAuthTests.swift */; };
		BA244F042CAF4D95B69CE9D6 /* WhepRetryPolicyTests.swift in Sources */ = {isa = PBXBuildFile; fileRef = 0550504149BF4DC8B1585EAE /* WhepRetryPolicyTests.swift */; };
		4298D72347954E72B66689F6 /* LiveReactionKindTests.swift in Sources */ = {isa = PBXBuildFile; fileRef = 02447D9726EC44E083127526 /* LiveReactionKindTests.swift */; };
		E8E95F72C72B3A623C715BAC /* LiveStageTests.swift in Sources */ = {isa = PBXBuildFile; fileRef = F32719BEB7F14796CB82C6D9 /* LiveStageTests.swift */; };
		A1B2C3D4E5F60718293A4B5D /* ServiceQRParseTests.swift in Sources */ = {isa = PBXBuildFile; fileRef = A1B2C3D4E5F60718293A4B5C /* ServiceQRParseTests.swift */; };
		EB1124BC688542D684382202 /* LiveDockChromeTests.swift in Sources */ = {isa = PBXBuildFile; fileRef = C6E54440B71744DD829CC2F6 /* LiveDockChromeTests.swift */; };
		CD31422FF00F1309BF78577A /* NuruWidgets.appex in Embed Foundation Extensions */ = {isa = PBXBuildFile; fileRef = 664342554B6FC512AC94FFFA /* NuruWidgets.appex */; settings = {ATTRIBUTES = (RemoveHeadersOnCopy, ); }; };
		DE6BE7F6690E02A309C12402 /* RTMPHaishinKit in Frameworks */ = {isa = PBXBuildFile; productRef = A1C0A2919201E148762801CB /* RTMPHaishinKit */; };
		FB375336D28DEE783DCFBE1C /* NuruWidgets.swift in Sources */ = {isa = PBXBuildFile; fileRef = 6FE4E68C4B8BE48BB775D761 /* NuruWidgets.swift */; };
		00DF0D31CD0B4129A03FF01E /* WebRTC in Frameworks */ = {isa = PBXBuildFile; productRef = 5F55E2A2E353454EBF8BDAB0 /* WebRTC */; };
		1DBD78C7949A4ED39537CCD9 /* FirebaseCore in Frameworks */ = {isa = PBXBuildFile; productRef = FF4AAF541A444C1799F1187B /* FirebaseCore */; };
		E498EEF2CB2E48ADB2E10242 /* FirebaseCrashlytics in Frameworks */ = {isa = PBXBuildFile; productRef = B31CA011440D4412828AFCC8 /* FirebaseCrashlytics */; };
/* End PBXBuildFile section */

/* Begin PBXContainerItemProxy section */
		98EF880A985213BC01A9EF46 /* PBXContainerItemProxy */ = {
			isa = PBXContainerItemProxy;
			containerPortal = 2000000000000000000000A1 /* Project object */;
			proxyType = 1;
			remoteGlobalIDString = 2000000000000000000000E1;
			remoteInfo = NuruMember;
		};
		A98B80ED6D10CCF5253A638E /* PBXContainerItemProxy */ = {
			isa = PBXContainerItemProxy;
			containerPortal = 2000000000000000000000A1 /* Project object */;
			proxyType = 1;
			remoteGlobalIDString = 1DC1230CB6104AC59DC4A281;
			remoteInfo = NuruWidgets;
		};
/* End PBXContainerItemProxy section */

/* Begin PBXCopyFilesBuildPhase section */
		C9149281DCBC8B6B8ED84B35 /* Embed Foundation Extensions */ = {
			isa = PBXCopyFilesBuildPhase;
			buildActionMask = 2147483647;
			dstPath = "";
			dstSubfolderSpec = 13;
			files = (
				CD31422FF00F1309BF78577A /* NuruWidgets.appex in Embed Foundation Extensions */,
			);
			name = "Embed Foundation Extensions";
			runOnlyForDeploymentPostprocessing = 0;
		};
/* End PBXCopyFilesBuildPhase section */

/* Begin PBXFileReference section */
		2000000000000000000000F1 /* NuruMember.app */ = {isa = PBXFileReference; explicitFileType = wrapper.application; includeInIndex = 0; path = NuruMember.app; sourceTree = BUILT_PRODUCTS_DIR; };
		5F3B162C6DAB94E5C9CB5D2D /* Foundation.framework */ = {isa = PBXFileReference; lastKnownFileType = wrapper.framework; name = Foundation.framework; path = Platforms/iPhoneOS.platform/Developer/SDKs/iPhoneOS18.0.sdk/System/Library/Frameworks/Foundation.framework; sourceTree = DEVELOPER_DIR; };
		664342554B6FC512AC94FFFA /* NuruWidgets.appex */ = {isa = PBXFileReference; explicitFileType = "wrapper.app-extension"; includeInIndex = 0; path = NuruWidgets.appex; sourceTree = BUILT_PRODUCTS_DIR; };
		6FE4E68C4B8BE48BB775D761 /* NuruWidgets.swift */ = {isa = PBXFileReference; includeInIndex = 1; lastKnownFileType = sourcecode.swift; path = NuruWidgets.swift; sourceTree = "<group>"; };
		7069069C51A6A8AF4C8DBC09 /* NuruMemberTests.xctest */ = {isa = PBXFileReference; explicitFileType = wrapper.cfbundle; includeInIndex = 0; path = NuruMemberTests.xctest; sourceTree = BUILT_PRODUCTS_DIR; };
		D163954A600F779226FDCDA2 /* ModelDecodingTests.swift */ = {isa = PBXFileReference; includeInIndex = 1; lastKnownFileType = sourcecode.swift; path = ModelDecodingTests.swift; sourceTree = "<group>"; };
		5F88539430BED8B14C0153AF /* SundayLetterTests.swift */ = {isa = PBXFileReference; includeInIndex = 1; lastKnownFileType = sourcecode.swift; path = SundayLetterTests.swift; sourceTree = "<group>"; };
		1C176E1DEBFD153BEF2A0E56 /* LiturgyVoiceTests.swift */ = {isa = PBXFileReference; includeInIndex = 1; lastKnownFileType = sourcecode.swift; path = LiturgyVoiceTests.swift; sourceTree = "<group>"; };
		1A84FD50DB9FFE34C1B7CB9B /* LiturgyRecorderLogicTests.swift */ = {isa = PBXFileReference; includeInIndex = 1; lastKnownFileType = sourcecode.swift; path = LiturgyRecorderLogicTests.swift; sourceTree = "<group>"; };
		1AE1C1F0A5A94B3097D6C202 /* LiveInteractionsDecodingTests.swift */ = {isa = PBXFileReference; includeInIndex = 1; lastKnownFileType = sourcecode.swift; path = LiveInteractionsDecodingTests.swift; sourceTree = "<group>"; };
		DA09934BFFA64A5ABC4A8195 /* GuestAudioPlayoutDeviceTests.swift */ = {isa = PBXFileReference; includeInIndex = 1; lastKnownFileType = sourcecode.swift; path = GuestAudioPlayoutDeviceTests.swift; sourceTree = "<group>"; };
		2B78F37184A54D1E87236580 /* WhipBasicAuthTests.swift */ = {isa = PBXFileReference; includeInIndex = 1; lastKnownFileType = sourcecode.swift; path = WhipBasicAuthTests.swift; sourceTree = "<group>"; };
		0550504149BF4DC8B1585EAE /* WhepRetryPolicyTests.swift */ = {isa = PBXFileReference; includeInIndex = 1; lastKnownFileType = sourcecode.swift; path = WhepRetryPolicyTests.swift; sourceTree = "<group>"; };
		02447D9726EC44E083127526 /* LiveReactionKindTests.swift */ = {isa = PBXFileReference; includeInIndex = 1; lastKnownFileType = sourcecode.swift; path = LiveReactionKindTests.swift; sourceTree = "<group>"; };
		F32719BEB7F14796CB82C6D9 /* LiveStageTests.swift */ = {isa = PBXFileReference; includeInIndex = 1; lastKnownFileType = sourcecode.swift; path = LiveStageTests.swift; sourceTree = "<group>"; };
		A1B2C3D4E5F60718293A4B5C /* ServiceQRParseTests.swift */ = {isa = PBXFileReference; includeInIndex = 1; lastKnownFileType = sourcecode.swift; path = ServiceQRParseTests.swift; sourceTree = "<group>"; };
		C6E54440B71744DD829CC2F6 /* LiveDockChromeTests.swift */ = {isa = PBXFileReference; includeInIndex = 1; lastKnownFileType = sourcecode.swift; path = LiveDockChromeTests.swift; sourceTree = "<group>"; };
		E694577B48D734E91F73C524 /* Info.plist */ = {isa = PBXFileReference; includeInIndex = 1; lastKnownFileType = text.plist.xml; path = Info.plist; sourceTree = "<group>"; };
/* End PBXFileReference section */

/* Begin PBXFileSystemSynchronizedRootGroup section */
		2000000000000000000000D1 /* NuruMember */ = {
			isa = PBXFileSystemSynchronizedRootGroup;
			exceptions = (
			);
			explicitFileTypes = {
			};
			explicitFolders = (
			);
			path = NuruMember;
			sourceTree = "<group>";
		};
/* End PBXFileSystemSynchronizedRootGroup section */

/* Begin PBXFrameworksBuildPhase section */
		200000000000000000000111 /* Frameworks */ = {
			isa = PBXFrameworksBuildPhase;
			buildActionMask = 2147483647;
			files = (
				A9E9AAA132E713B0799323FF /* HaishinKit in Frameworks */,
				DE6BE7F6690E02A309C12402 /* RTMPHaishinKit in Frameworks */,
				00DF0D31CD0B4129A03FF01E /* WebRTC in Frameworks */,
				1DBD78C7949A4ED39537CCD9 /* FirebaseCore in Frameworks */,
				E498EEF2CB2E48ADB2E10242 /* FirebaseCrashlytics in Frameworks */,
			);
			runOnlyForDeploymentPostprocessing = 0;
		};
		3B180FA9E3906524753431CE /* Frameworks */ = {
			isa = PBXFrameworksBuildPhase;
			buildActionMask = 2147483647;
			files = (
				1F49253E25E96E56CF6E97A8 /* Foundation.framework in Frameworks */,
			);
			runOnlyForDeploymentPostprocessing = 0;
		};
		F7A4BC66EE0335F2D981C683 /* Frameworks */ = {
			isa = PBXFrameworksBuildPhase;
			buildActionMask = 2147483647;
			files = (
				5CC7B488EBD80946899A64C0 /* Foundation.framework in Frameworks */,
			);
			runOnlyForDeploymentPostprocessing = 0;
		};
/* End PBXFrameworksBuildPhase section */

/* Begin PBXGroup section */
		0D402ADEE34F48F4135D7F64 /* NuruMemberTests */ = {
			isa = PBXGroup;
			children = (
				D163954A600F779226FDCDA2 /* ModelDecodingTests.swift */,
				5F88539430BED8B14C0153AF /* SundayLetterTests.swift */,
				1AE1C1F0A5A94B3097D6C202 /* LiveInteractionsDecodingTests.swift */,
				DA09934BFFA64A5ABC4A8195 /* GuestAudioPlayoutDeviceTests.swift */,
				2B78F37184A54D1E87236580 /* WhipBasicAuthTests.swift */,
				0550504149BF4DC8B1585EAE /* WhepRetryPolicyTests.swift */,
				02447D9726EC44E083127526 /* LiveReactionKindTests.swift */,
				F32719BEB7F14796CB82C6D9 /* LiveStageTests.swift */,
				C6E54440B71744DD829CC2F6 /* LiveDockChromeTests.swift */,
				1C176E1DEBFD153BEF2A0E56 /* LiturgyVoiceTests.swift */,
				1A84FD50DB9FFE34C1B7CB9B /* LiturgyRecorderLogicTests.swift */,
				A1B2C3D4E5F60718293A4B5C /* ServiceQRParseTests.swift */,
			);
			name = NuruMemberTests;
			path = NuruMemberTests;
			sourceTree = "<group>";
		};
		1D20C23DF827334EE86638B2 /* Frameworks */ = {
			isa = PBXGroup;
			children = (
				A3C3242BE0A69605A8764319 /* iOS */,
			);
			name = Frameworks;
			sourceTree = "<group>";
		};
		2000000000000000000000B1 = {
			isa = PBXGroup;
			children = (
				2000000000000000000000D1 /* NuruMember */,
				2000000000000000000000C1 /* Products */,
				1D20C23DF827334EE86638B2 /* Frameworks */,
				D0BFF2874D3354E1D4BF2A3E /* NuruWidgets */,
				0D402ADEE34F48F4135D7F64 /* NuruMemberTests */,
			);
			sourceTree = "<group>";
		};
		2000000000000000000000C1 /* Products */ = {
			isa = PBXGroup;
			children = (
				2000000000000000000000F1 /* NuruMember.app */,
				664342554B6FC512AC94FFFA /* NuruWidgets.appex */,
				7069069C51A6A8AF4C8DBC09 /* NuruMemberTests.xctest */,
			);
			name = Products;
			sourceTree = "<group>";
		};
		A3C3242BE0A69605A8764319 /* iOS */ = {
			isa = PBXGroup;
			children = (
				5F3B162C6DAB94E5C9CB5D2D /* Foundation.framework */,
			);
			name = iOS;
			sourceTree = "<group>";
		};
		D0BFF2874D3354E1D4BF2A3E /* NuruWidgets */ = {
			isa = PBXGroup;
			children = (
				6FE4E68C4B8BE48BB775D761 /* NuruWidgets.swift */,
				E694577B48D734E91F73C524 /* Info.plist */,
			);
			path = NuruWidgets;
			sourceTree = "<group>";
		};
/* End PBXGroup section */

/* Begin PBXNativeTarget section */
		1DC1230CB6104AC59DC4A281 /* NuruWidgets */ = {
			isa = PBXNativeTarget;
			buildConfigurationList = D0E92B1AD2D8FE930D19994B /* Build configuration list for PBXNativeTarget "NuruWidgets" */;
			buildPhases = (
				B1FE96DC8B9207E512E1AFE3 /* Sources */,
				3B180FA9E3906524753431CE /* Frameworks */,
				54DFFD779432C8AC5E09AB7A /* Resources */,
			);
			buildRules = (
			);
			dependencies = (
			);
			name = NuruWidgets;
			productName = NuruWidgets;
			productReference = 664342554B6FC512AC94FFFA /* NuruWidgets.appex */;
			productType = "com.apple.product-type.app-extension";
		};
		2000000000000000000000E1 /* NuruMember */ = {
			isa = PBXNativeTarget;
			buildConfigurationList = 200000000000000000000141 /* Build configuration list for PBXNativeTarget "NuruMember" */;
			buildPhases = (
				200000000000000000000101 /* Sources */,
				200000000000000000000111 /* Frameworks */,
				200000000000000000000121 /* Resources */,
				C9149281DCBC8B6B8ED84B35 /* Embed Foundation Extensions */,
				82F2DBF0F7E8467BA06EA5F4 /* Upload Crashlytics dSYMs */,
			);
			buildRules = (
			);
			dependencies = (
				C201E3A67BA36FA4121F5FC8 /* PBXTargetDependency */,
			);
			fileSystemSynchronizedGroups = (
				2000000000000000000000D1 /* NuruMember */,
			);
			name = NuruMember;
			packageProductDependencies = (
				6DA0216FE218D406A8E8CFD9 /* HaishinKit */,
				A1C0A2919201E148762801CB /* RTMPHaishinKit */,
				5F55E2A2E353454EBF8BDAB0 /* WebRTC */,
				FF4AAF541A444C1799F1187B /* FirebaseCore */,
				B31CA011440D4412828AFCC8 /* FirebaseCrashlytics */,
			);
			productName = NuruMember;
			productReference = 2000000000000000000000F1 /* NuruMember.app */;
			productType = "com.apple.product-type.application";
		};
		7AA8DC0ABD81C8871098560D /* NuruMemberTests */ = {
			isa = PBXNativeTarget;
			buildConfigurationList = 0BEAE36C1BD88DE8ACACD277 /* Build configuration list for PBXNativeTarget "NuruMemberTests" */;
			buildPhases = (
				5094DE1EA62CC906A565EF84 /* Sources */,
				F7A4BC66EE0335F2D981C683 /* Frameworks */,
				AAE109D93E6A15053D514D22 /* Resources */,
			);
			buildRules = (
			);
			dependencies = (
				19A6B076B0DF8F94860DBFFB /* PBXTargetDependency */,
			);
			name = NuruMemberTests;
			productName = NuruMemberTests;
			productReference = 7069069C51A6A8AF4C8DBC09 /* NuruMemberTests.xctest */;
			productType = "com.apple.product-type.bundle.unit-test";
		};
/* End PBXNativeTarget section */

/* Begin PBXProject section */
		2000000000000000000000A1 /* Project object */ = {
			isa = PBXProject;
			attributes = {
				BuildIndependentTargetsInParallel = 1;
				LastSwiftUpdateCheck = 1700;
				LastUpgradeCheck = 2660;
				TargetAttributes = {
					2000000000000000000000E1 = {
						CreatedOnToolsVersion = 16.0;
					};
				};
			};
			buildConfigurationList = 200000000000000000000131 /* Build configuration list for PBXProject "NuruMember" */;
			compatibilityVersion = "Xcode 14.0";
			developmentRegion = en;
			hasScannedForEncodings = 0;
			knownRegions = (
				en,
				Base,
			);
			mainGroup = 2000000000000000000000B1;
			packageReferences = (
				6EB2EA2AC300B1EA17C814D3 /* XCRemoteSwiftPackageReference "HaishinKit.swift" */,
				BEFB74ADCF2F405A8251E699 /* XCRemoteSwiftPackageReference "WebRTC" */,
				5D0B83D3053747278D7E6EC1 /* XCRemoteSwiftPackageReference "firebase-ios-sdk" */,
			);
			productRefGroup = 2000000000000000000000C1 /* Products */;
			projectDirPath = "";
			projectRoot = "";
			targets = (
				2000000000000000000000E1 /* NuruMember */,
				1DC1230CB6104AC59DC4A281 /* NuruWidgets */,
				7AA8DC0ABD81C8871098560D /* NuruMemberTests */,
			);
		};
/* End PBXProject section */

/* Begin PBXResourcesBuildPhase section */
		200000000000000000000121 /* Resources */ = {
			isa = PBXResourcesBuildPhase;
			buildActionMask = 2147483647;
			files = (
			);
			runOnlyForDeploymentPostprocessing = 0;
		};
		54DFFD779432C8AC5E09AB7A /* Resources */ = {
			isa = PBXResourcesBuildPhase;
			buildActionMask = 2147483647;
			files = (
			);
			runOnlyForDeploymentPostprocessing = 0;
		};
		AAE109D93E6A15053D514D22 /* Resources */ = {
			isa = PBXResourcesBuildPhase;
			buildActionMask = 2147483647;
			files = (
			);
			runOnlyForDeploymentPostprocessing = 0;
		};
/* End PBXResourcesBuildPhase section */

/* Begin PBXShellScriptBuildPhase section */
		82F2DBF0F7E8467BA06EA5F4 /* Upload Crashlytics dSYMs */ = {
			isa = PBXShellScriptBuildPhase;
			buildActionMask = 2147483647;
			files = (
			);
			inputFileListPaths = (
			);
			inputPaths = (
				"${DWARF_DSYM_FOLDER_PATH}/${DWARF_DSYM_FILE_NAME}",
				"${DWARF_DSYM_FOLDER_PATH}/${DWARF_DSYM_FILE_NAME}/Contents/Resources/DWARF/${PRODUCT_NAME}",
				"${DWARF_DSYM_FOLDER_PATH}/${DWARF_DSYM_FILE_NAME}/Contents/Info.plist",
				"$(TARGET_BUILD_DIR)/$(UNLOCALIZED_RESOURCES_FOLDER_PATH)/GoogleService-Info.plist",
				"$(TARGET_BUILD_DIR)/$(EXECUTABLE_PATH)",
				"${DWARF_DSYM_FOLDER_PATH}/${DWARF_DSYM_FILE_NAME}/Contents/Resources/DWARF/${PRODUCT_NAME}.debug.dylib",
			);
			name = "Upload Crashlytics dSYMs";
			outputFileListPaths = (
			);
			outputPaths = (
			);
			runOnlyForDeploymentPostprocessing = 0;
			shellPath = /bin/sh;
			shellScript = "# Uploads dSYMs so Crashlytics can symbolicate native + Swift stack traces.\n# Dependencies are SwiftPM-only (no CocoaPods in this repo); the path below\n# is where Xcode checks out firebase-ios-sdk for SPM.\n#\n# GUARD: verified directly against this SDK (12.17.0) that Crashlytics/run's\n# own validation step (`upload-symbols --build-phase --validate`) exits 13\n# (\"Could not get GOOGLE_APP_ID in Google Services file\") when no\n# GoogleService-Info.plist is present, and `run` treats a nonzero validate\n# as a hard failure — i.e. calling it unguarded WOULD BREAK EVERY BUILD\n# until the real plist exists. So, same no-op-until-configured guarantee as\n# CrashReporting.swift's launch guard: check the plist is actually in the\n# built app bundle before ever invoking Crashlytics/run.\nPLIST=\"$TARGET_BUILD_DIR/$UNLOCALIZED_RESOURCES_FOLDER_PATH/GoogleService-Info.plist\"\nCRASHLYTICS_RUN=\"${BUILD_DIR%/Build/*}/SourcePackages/checkouts/firebase-ios-sdk/Crashlytics/run\"\nif [ ! -f \"$PLIST\" ]; then\n  echo \"note: GoogleService-Info.plist not found — skipping Crashlytics dSYM upload (expected until Firebase config is added)\"\nelif [ -f \"$CRASHLYTICS_RUN\" ]; then\n  \"$CRASHLYTICS_RUN\"\nelse\n  echo \"warning: Crashlytics run script not found at $CRASHLYTICS_RUN (package not resolved yet?) — skipping dSYM upload\"\nfi\n";
		};
/* End PBXShellScriptBuildPhase section */

/* Begin PBXSourcesBuildPhase section */
		200000000000000000000101 /* Sources */ = {
			isa = PBXSourcesBuildPhase;
			buildActionMask = 2147483647;
			files = (
			);
			runOnlyForDeploymentPostprocessing = 0;
		};
		5094DE1EA62CC906A565EF84 /* Sources */ = {
			isa = PBXSourcesBuildPhase;
			buildActionMask = 2147483647;
			files = (
				ADBDEB9F2B3F1EACEC763442 /* ModelDecodingTests.swift in Sources */,
				99900E55D19AED44A6097A04 /* SundayLetterTests.swift in Sources */,
				1AE1C1F0A5A94B3097D6C201 /* LiveInteractionsDecodingTests.swift in Sources */,
				2155FB891D4D49C395110CB5 /* GuestAudioPlayoutDeviceTests.swift in Sources */,
				D44F50FF1A7741D69BBA9768 /* WhipBasicAuthTests.swift in Sources */,
				BA244F042CAF4D95B69CE9D6 /* WhepRetryPolicyTests.swift in Sources */,
				4298D72347954E72B66689F6 /* LiveReactionKindTests.swift in Sources */,
				E8E95F72C72B3A623C715BAC /* LiveStageTests.swift in Sources */,
				A1B2C3D4E5F60718293A4B5D /* ServiceQRParseTests.swift in Sources */,
				EB1124BC688542D684382202 /* LiveDockChromeTests.swift in Sources */,
				2DB55733AFA86B039404A7B0 /* LiturgyVoiceTests.swift in Sources */,
				68898C13C713F999F0BF9C5B /* LiturgyRecorderLogicTests.swift in Sources */,
			);
			runOnlyForDeploymentPostprocessing = 0;
		};
		B1FE96DC8B9207E512E1AFE3 /* Sources */ = {
			isa = PBXSourcesBuildPhase;
			buildActionMask = 2147483647;
			files = (
				FB375336D28DEE783DCFBE1C /* NuruWidgets.swift in Sources */,
			);
			runOnlyForDeploymentPostprocessing = 0;
		};
/* End PBXSourcesBuildPhase section */

/* Begin PBXTargetDependency section */
		19A6B076B0DF8F94860DBFFB /* PBXTargetDependency */ = {
			isa = PBXTargetDependency;
			name = NuruMember;
			target = 2000000000000000000000E1 /* NuruMember */;
			targetProxy = 98EF880A985213BC01A9EF46 /* PBXContainerItemProxy */;
		};
		C201E3A67BA36FA4121F5FC8 /* PBXTargetDependency */ = {
			isa = PBXTargetDependency;
			name = NuruWidgets;
			target = 1DC1230CB6104AC59DC4A281 /* NuruWidgets */;
			targetProxy = A98B80ED6D10CCF5253A638E /* PBXContainerItemProxy */;
		};
/* End PBXTargetDependency section */

/* Begin XCBuildConfiguration section */
		0D55C659E3F4303867B85675 /* Release */ = {
			isa = XCBuildConfiguration;
			buildSettings = {
				BUNDLE_LOADER = "$(TEST_HOST)";
				CLANG_ENABLE_OBJC_WEAK = NO;
				CODE_SIGN_STYLE = Automatic;
				GENERATE_INFOPLIST_FILE = YES;
				IPHONEOS_DEPLOYMENT_TARGET = 17.0;
				PRODUCT_BUNDLE_IDENTIFIER = org.nuruplace.member.NuruMemberTests;
				PRODUCT_NAME = "$(TARGET_NAME)";
				SDKROOT = iphoneos;
				SWIFT_EMIT_LOC_STRINGS = NO;
				SWIFT_VERSION = 5.0;
				TARGETED_DEVICE_FAMILY = "1,2";
				TEST_HOST = "$(BUILT_PRODUCTS_DIR)/NuruMember.app/$(BUNDLE_EXECUTABLE_FOLDER_PATH)/NuruMember";
				VALIDATE_PRODUCT = YES;
			};
			name = Release;
		};
		200000000000000000000151 /* Debug */ = {
			isa = XCBuildConfiguration;
			buildSettings = {
				ALWAYS_SEARCH_USER_PATHS = NO;
				ASSETCATALOG_COMPILER_GENERATE_SWIFT_ASSET_SYMBOL_EXTENSIONS = YES;
				CLANG_ANALYZER_NONNULL = YES;
				CLANG_ENABLE_MODULES = YES;
				CLANG_ENABLE_OBJC_ARC = YES;
				CLANG_WARN_BLOCK_CAPTURE_AUTORELEASING = YES;
				CLANG_WARN_BOOL_CONVERSION = YES;
				CLANG_WARN_COMMA = YES;
				CLANG_WARN_CONSTANT_CONVERSION = YES;
				CLANG_WARN_DEPRECATED_OBJC_IMPLEMENTATIONS = YES;
				CLANG_WARN_DOCUMENTATION_COMMENTS = YES;
				CLANG_WARN_EMPTY_BODY = YES;
				CLANG_WARN_ENUM_CONVERSION = YES;
				CLANG_WARN_INFINITE_RECURSION = YES;
				CLANG_WARN_INT_CONVERSION = YES;
				CLANG_WARN_NON_LITERAL_NULL_CONVERSION = YES;
				CLANG_WARN_OBJC_IMPLICIT_RETAIN_SELF = YES;
				CLANG_WARN_OBJC_LITERAL_CONVERSION = YES;
				CLANG_WARN_QUOTED_INCLUDE_IN_FRAMEWORK_HEADER = YES;
				CLANG_WARN_RANGE_LOOP_ANALYSIS = YES;
				CLANG_WARN_STRICT_PROTOTYPES = YES;
				CLANG_WARN_SUSPICIOUS_MOVE = YES;
				CLANG_WARN_UNREACHABLE_CODE = YES;
				CLANG_WARN__DUPLICATE_METHOD_MATCH = YES;
				COPY_PHASE_STRIP = NO;
				DEBUG_INFORMATION_FORMAT = dwarf;
				DEVELOPMENT_TEAM = SGC7566QY6;
				ENABLE_STRICT_OBJC_MSGSEND = YES;
				ENABLE_TESTABILITY = YES;
				ENABLE_USER_SCRIPT_SANDBOXING = YES;
				GCC_DYNAMIC_NO_PIC = NO;
				GCC_NO_COMMON_BLOCKS = YES;
				GCC_OPTIMIZATION_LEVEL = 0;
				GCC_PREPROCESSOR_DEFINITIONS = (
					"DEBUG=1",
					"$(inherited)",
				);
				GCC_WARN_64_TO_32_BIT_CONVERSION = YES;
				GCC_WARN_ABOUT_RETURN_TYPE = YES;
				GCC_WARN_UNDECLARED_SELECTOR = YES;
				GCC_WARN_UNINITIALIZED_AUTOS = YES;
				GCC_WARN_UNUSED_FUNCTION = YES;
				GCC_WARN_UNUSED_VARIABLE = YES;
				IPHONEOS_DEPLOYMENT_TARGET = 17.0;
				MTL_ENABLE_DEBUG_INFO = INCLUDE_SOURCE;
				ONLY_ACTIVE_ARCH = YES;
				SDKROOT = iphoneos;
				STRING_CATALOG_GENERATE_SYMBOLS = YES;
				SWIFT_ACTIVE_COMPILATION_CONDITIONS = "DEBUG $(inherited)";
				SWIFT_OPTIMIZATION_LEVEL = "-Onone";
			};
			name = Debug;
		};
		200000000000000000000161 /* Release */ = {
			isa = XCBuildConfiguration;
			buildSettings = {
				ALWAYS_SEARCH_USER_PATHS = NO;
				ASSETCATALOG_COMPILER_GENERATE_SWIFT_ASSET_SYMBOL_EXTENSIONS = YES;
				CLANG_ANALYZER_NONNULL = YES;
				CLANG_ENABLE_MODULES = YES;
				CLANG_ENABLE_OBJC_ARC = YES;
				CLANG_WARN_BLOCK_CAPTURE_AUTORELEASING = YES;
				CLANG_WARN_COMMA = YES;
				CLANG_WARN_CONSTANT_CONVERSION = YES;
				CLANG_WARN_DEPRECATED_OBJC_IMPLEMENTATIONS = YES;
				CLANG_WARN_EMPTY_BODY = YES;
				CLANG_WARN_ENUM_CONVERSION = YES;
				CLANG_WARN_INFINITE_RECURSION = YES;
				CLANG_WARN_INT_CONVERSION = YES;
				CLANG_WARN_NON_LITERAL_NULL_CONVERSION = YES;
				CLANG_WARN_OBJC_IMPLICIT_RETAIN_SELF = YES;
				CLANG_WARN_OBJC_LITERAL_CONVERSION = YES;
				CLANG_WARN_QUOTED_INCLUDE_IN_FRAMEWORK_HEADER = YES;
				CLANG_WARN_RANGE_LOOP_ANALYSIS = YES;
				CLANG_WARN_STRICT_PROTOTYPES = YES;
				CLANG_WARN_SUSPICIOUS_MOVE = YES;
				CLANG_WARN_UNREACHABLE_CODE = YES;
				CLANG_WARN__DUPLICATE_METHOD_MATCH = YES;
				COPY_PHASE_STRIP = NO;
				DEBUG_INFORMATION_FORMAT = "dwarf-with-dsym";
				DEVELOPMENT_TEAM = SGC7566QY6;
				ENABLE_NS_ASSERTIONS = NO;
				ENABLE_STRICT_OBJC_MSGSEND = YES;
				ENABLE_USER_SCRIPT_SANDBOXING = YES;
				GCC_NO_COMMON_BLOCKS = YES;
				GCC_OPTIMIZATION_LEVEL = s;
				GCC_WARN_64_TO_32_BIT_CONVERSION = YES;
				GCC_WARN_ABOUT_RETURN_TYPE = YES;
				GCC_WARN_UNDECLARED_SELECTOR = YES;
				GCC_WARN_UNINITIALIZED_AUTOS = YES;
				GCC_WARN_UNUSED_FUNCTION = YES;
				GCC_WARN_UNUSED_VARIABLE = YES;
				IPHONEOS_DEPLOYMENT_TARGET = 17.0;
				MTL_ENABLE_DEBUG_INFO = NO;
				SDKROOT = iphoneos;
				STRING_CATALOG_GENERATE_SYMBOLS = YES;
				SWIFT_COMPILATION_MODE = wholemodule;
				SWIFT_OPTIMIZATION_LEVEL = "-O";
				VALIDATE_PRODUCT = YES;
			};
			name = Release;
		};
		200000000000000000000171 /* Debug */ = {
			isa = XCBuildConfiguration;
			buildSettings = {
				ASSETCATALOG_COMPILER_APPICON_NAME = AppIcon;
				ASSETCATALOG_COMPILER_GLOBAL_ACCENT_COLOR_NAME = AccentColor;
				CODE_SIGN_STYLE = Automatic;
				CURRENT_PROJECT_VERSION = 115;
				ENABLE_PREVIEWS = YES;
				GENERATE_INFOPLIST_FILE = YES;
				INFOPLIST_FILE = "Config/NuruMember-Info.plist";
				INFOPLIST_KEY_CFBundleDisplayName = "Nuru Place";
				INFOPLIST_KEY_NSFaceIDUsageDescription = "Face ID protects the Broadcast — the private conversations between you and every member. Only you can open them.";
				INFOPLIST_KEY_NSLocationWhenInUseUsageDescription = "Nuru uses your approximate location only to help connect you with believers and cells near you. It's stored coarsely and you can turn it off anytime in Profile.";
				INFOPLIST_KEY_NSMicrophoneUsageDescription = "Nuru uses the microphone when a discipler records a voice note, and when a broadcaster (or an invited guest) goes live.";
				INFOPLIST_KEY_UIApplicationSceneManifest_Generation = YES;
				INFOPLIST_KEY_UIApplicationSupportsIndirectInputEvents = YES;
				INFOPLIST_KEY_UILaunchScreen_Generation = YES;
				INFOPLIST_KEY_UISupportedInterfaceOrientations_iPhone = UIInterfaceOrientationPortrait;
				LD_RUNPATH_SEARCH_PATHS = (
					"$(inherited)",
					"@executable_path/Frameworks",
				);
				MARKETING_VERSION = 1.1;
				OTHER_LDFLAGS = (
					"$(inherited)",
					"-lsqlite3",
				);
				PRODUCT_BUNDLE_IDENTIFIER = org.nuruplace.member;
				PRODUCT_NAME = "$(TARGET_NAME)";
				SWIFT_EMIT_LOC_STRINGS = YES;
				SWIFT_VERSION = 5.0;
				TARGETED_DEVICE_FAMILY = 1;
			};
			name = Debug;
		};
		200000000000000000000181 /* Release */ = {
			isa = XCBuildConfiguration;
			buildSettings = {
				ASSETCATALOG_COMPILER_APPICON_NAME = AppIcon;
				ASSETCATALOG_COMPILER_GLOBAL_ACCENT_COLOR_NAME = AccentColor;
				CODE_SIGN_STYLE = Automatic;
				CURRENT_PROJECT_VERSION = 115;
				ENABLE_PREVIEWS = YES;
				GENERATE_INFOPLIST_FILE = YES;
				INFOPLIST_FILE = "Config/NuruMember-Info.plist";
				INFOPLIST_KEY_CFBundleDisplayName = "Nuru Place";
				INFOPLIST_KEY_NSFaceIDUsageDescription = "Face ID protects the Broadcast — the private conversations between you and every member. Only you can open them.";
				INFOPLIST_KEY_NSLocationWhenInUseUsageDescription = "Nuru uses your approximate location only to help connect you with believers and cells near you. It's stored coarsely and you can turn it off anytime in Profile.";
				INFOPLIST_KEY_NSMicrophoneUsageDescription = "Nuru uses the microphone when a discipler records a voice note, and when a broadcaster (or an invited guest) goes live.";
				INFOPLIST_KEY_UIApplicationSceneManifest_Generation = YES;
				INFOPLIST_KEY_UIApplicationSupportsIndirectInputEvents = YES;
				INFOPLIST_KEY_UILaunchScreen_Generation = YES;
				INFOPLIST_KEY_UISupportedInterfaceOrientations_iPhone = UIInterfaceOrientationPortrait;
				LD_RUNPATH_SEARCH_PATHS = (
					"$(inherited)",
					"@executable_path/Frameworks",
				);
				MARKETING_VERSION = 1.1;
				OTHER_LDFLAGS = (
					"$(inherited)",
					"-lsqlite3",
				);
				PRODUCT_BUNDLE_IDENTIFIER = org.nuruplace.member;
				PRODUCT_NAME = "$(TARGET_NAME)";
				SWIFT_EMIT_LOC_STRINGS = YES;
				SWIFT_VERSION = 5.0;
				TARGETED_DEVICE_FAMILY = 1;
			};
			name = Release;
		};
		720EAB32ECE1BA110D281557 /* Release */ = {
			isa = XCBuildConfiguration;
			buildSettings = {
				CLANG_ENABLE_OBJC_WEAK = NO;
				CODE_SIGN_STYLE = Automatic;
				CURRENT_PROJECT_VERSION = 115;
				DEVELOPMENT_TEAM = SGC7566QY6;
				GENERATE_INFOPLIST_FILE = YES;
				INFOPLIST_FILE = NuruWidgets/Info.plist;
				INFOPLIST_KEY_CFBundleDisplayName = Nuru;
				IPHONEOS_DEPLOYMENT_TARGET = 17.0;
				LD_RUNPATH_SEARCH_PATHS = (
					"$(inherited)",
					"@executable_path/Frameworks",
					"@executable_path/../../Frameworks",
				);
				MARKETING_VERSION = 1.1;
				PRODUCT_BUNDLE_IDENTIFIER = org.nuruplace.member.NuruWidgets;
				PRODUCT_NAME = NuruWidgets;
				SDKROOT = iphoneos;
				SKIP_INSTALL = YES;
				SWIFT_VERSION = 5.0;
				TARGETED_DEVICE_FAMILY = "1,2";
				VALIDATE_PRODUCT = YES;
			};
			name = Release;
		};
		DBDDF4EAFB8A403637300662 /* Debug */ = {
			isa = XCBuildConfiguration;
			buildSettings = {
				CLANG_ENABLE_OBJC_WEAK = NO;
				CODE_SIGN_STYLE = Automatic;
				CURRENT_PROJECT_VERSION = 115;
				DEVELOPMENT_TEAM = SGC7566QY6;
				GENERATE_INFOPLIST_FILE = YES;
				INFOPLIST_FILE = NuruWidgets/Info.plist;
				INFOPLIST_KEY_CFBundleDisplayName = Nuru;
				IPHONEOS_DEPLOYMENT_TARGET = 17.0;
				LD_RUNPATH_SEARCH_PATHS = (
					"$(inherited)",
					"@executable_path/Frameworks",
					"@executable_path/../../Frameworks",
				);
				MARKETING_VERSION = 1.1;
				PRODUCT_BUNDLE_IDENTIFIER = org.nuruplace.member.NuruWidgets;
				PRODUCT_NAME = NuruWidgets;
				SDKROOT = iphoneos;
				SKIP_INSTALL = YES;
				SWIFT_VERSION = 5.0;
				TARGETED_DEVICE_FAMILY = "1,2";
			};
			name = Debug;
		};
		FF95115EF4C8D3848210F395 /* Debug */ = {
			isa = XCBuildConfiguration;
			buildSettings = {
				BUNDLE_LOADER = "$(TEST_HOST)";
				CLANG_ENABLE_OBJC_WEAK = NO;
				CODE_SIGN_STYLE = Automatic;
				GENERATE_INFOPLIST_FILE = YES;
				IPHONEOS_DEPLOYMENT_TARGET = 17.0;
				PRODUCT_BUNDLE_IDENTIFIER = org.nuruplace.member.NuruMemberTests;
				PRODUCT_NAME = "$(TARGET_NAME)";
				SDKROOT = iphoneos;
				SWIFT_EMIT_LOC_STRINGS = NO;
				SWIFT_VERSION = 5.0;
				TARGETED_DEVICE_FAMILY = "1,2";
				TEST_HOST = "$(BUILT_PRODUCTS_DIR)/NuruMember.app/$(BUNDLE_EXECUTABLE_FOLDER_PATH)/NuruMember";
			};
			name = Debug;
		};
/* End XCBuildConfiguration section */

/* Begin XCConfigurationList section */
		0BEAE36C1BD88DE8ACACD277 /* Build configuration list for PBXNativeTarget "NuruMemberTests" */ = {
			isa = XCConfigurationList;
			buildConfigurations = (
				0D55C659E3F4303867B85675 /* Release */,
				FF95115EF4C8D3848210F395 /* Debug */,
			);
			defaultConfigurationIsVisible = 0;
			defaultConfigurationName = Release;
		};
		200000000000000000000131 /* Build configuration list for PBXProject "NuruMember" */ = {
			isa = XCConfigurationList;
			buildConfigurations = (
				200000000000000000000151 /* Debug */,
				200000000000000000000161 /* Release */,
			);
			defaultConfigurationIsVisible = 0;
			defaultConfigurationName = Release;
		};
		200000000000000000000141 /* Build configuration list for PBXNativeTarget "NuruMember" */ = {
			isa = XCConfigurationList;
			buildConfigurations = (
				200000000000000000000171 /* Debug */,
				200000000000000000000181 /* Release */,
			);
			defaultConfigurationIsVisible = 0;
			defaultConfigurationName = Release;
		};
		D0E92B1AD2D8FE930D19994B /* Build configuration list for PBXNativeTarget "NuruWidgets" */ = {
			isa = XCConfigurationList;
			buildConfigurations = (
				720EAB32ECE1BA110D281557 /* Release */,
				DBDDF4EAFB8A403637300662 /* Debug */,
			);
			defaultConfigurationIsVisible = 0;
			defaultConfigurationName = Release;
		};
/* End XCConfigurationList section */

/* Begin XCRemoteSwiftPackageReference section */
		6EB2EA2AC300B1EA17C814D3 /* XCRemoteSwiftPackageReference "HaishinKit.swift" */ = {
			isa = XCRemoteSwiftPackageReference;
			repositoryURL = "https://github.com/HaishinKit/HaishinKit.swift";
			requirement = {
				kind = upToNextMajorVersion;
				minimumVersion = 2.2.5;
			};
		};
		BEFB74ADCF2F405A8251E699 /* XCRemoteSwiftPackageReference "WebRTC" */ = {
			isa = XCRemoteSwiftPackageReference;
			repositoryURL = "https://github.com/stasel/WebRTC";
			requirement = {
				kind = upToNextMajorVersion;
				minimumVersion = 150.0.0;
			};
		};
		5D0B83D3053747278D7E6EC1 /* XCRemoteSwiftPackageReference "firebase-ios-sdk" */ = {
			isa = XCRemoteSwiftPackageReference;
			repositoryURL = "https://github.com/firebase/firebase-ios-sdk";
			requirement = {
				kind = upToNextMajorVersion;
				minimumVersion = 12.17.0;
			};
		};
/* End XCRemoteSwiftPackageReference section */

/* Begin XCSwiftPackageProductDependency section */
		6DA0216FE218D406A8E8CFD9 /* HaishinKit */ = {
			isa = XCSwiftPackageProductDependency;
			package = 6EB2EA2AC300B1EA17C814D3 /* XCRemoteSwiftPackageReference "HaishinKit.swift" */;
			productName = HaishinKit;
		};
		A1C0A2919201E148762801CB /* RTMPHaishinKit */ = {
			isa = XCSwiftPackageProductDependency;
			package = 6EB2EA2AC300B1EA17C814D3 /* XCRemoteSwiftPackageReference "HaishinKit.swift" */;
			productName = RTMPHaishinKit;
		};
		5F55E2A2E353454EBF8BDAB0 /* WebRTC */ = {
			isa = XCSwiftPackageProductDependency;
			package = BEFB74ADCF2F405A8251E699 /* XCRemoteSwiftPackageReference "WebRTC" */;
			productName = WebRTC;
		};
		FF4AAF541A444C1799F1187B /* FirebaseCore */ = {
			isa = XCSwiftPackageProductDependency;
			package = 5D0B83D3053747278D7E6EC1 /* XCRemoteSwiftPackageReference "firebase-ios-sdk" */;
			productName = FirebaseCore;
		};
		B31CA011440D4412828AFCC8 /* FirebaseCrashlytics */ = {
			isa = XCSwiftPackageProductDependency;
			package = 5D0B83D3053747278D7E6EC1 /* XCRemoteSwiftPackageReference "firebase-ios-sdk" */;
			productName = FirebaseCrashlytics;
		};
/* End XCSwiftPackageProductDependency section */
	};
	rootObject = 2000000000000000000000A1 /* Project object */;
}
